<Solution>
  <Configurations>
    <Platform Name="Any CPU" />
    <Platform Name="x64" />
    <Platform Name="x86" />
  </Configurations>
  <Folder Name="/src/">
    <Project Path="src/Imperium.Web/Imperium.Web.fsproj" />
  </Folder>
  <Folder Name="/tests/">
    <Project Path="tests/Imperium.UnitTests/Imperium.UnitTests.fsproj" />
  </Folder>
  <Project Path="src/Imperium/Imperium.fsproj" />
</Solution>
